
Microsoft Visual Studio Solution File, Format Version 12.00
# Visual Studio Version 17
VisualStudioVersion = 17.4.33213.308
MinimumVisualStudioVersion = 10.0.40219.1
Project("{FAE04EC0-301F-11D3-BF4B-00C04F79EFBC}") = "CoinDispenser", "CoinDispenser.csproj", "{D0D9B6DA-947B-41A9-8539-EA0F033EA6A9}"
EndProject
Global
	GlobalSection(SolutionConfigurationPlatforms) = preSolution
		Debug|Any CPU = Debug|Any CPU
		Release|Any CPU = Release|Any CPU
	EndGlobalSection
	GlobalSection(ProjectConfigurationPlatforms) = postSolution
		{D0D9B6DA-947B-41A9-8539-EA0F033EA6A9}.Debug|Any CPU.ActiveCfg = Debug|Any CPU
		{D0D9B6DA-947B-41A9-8539-EA0F033EA6A9}.Debug|Any CPU.Build.0 = Debug|Any CPU
		{D0D9B6DA-947B-41A9-8539-EA0F033EA6A9}.Release|Any CPU.ActiveCfg = Release|Any CPU
		{D0D9B6DA-947B-41A9-8539-EA0F033EA6A9}.Release|Any CPU.Build.0 = Release|Any CPU
	EndGlobalSection
	GlobalSection(SolutionProperties) = preSolution
		HideSolutionNode = FALSE
	EndGlobalSection
	GlobalSection(ExtensibilityGlobals) = postSolution
		SolutionGuid = {5E062040-184E-4A9F-A037-B985B71C4758}
	EndGlobalSection
EndGlobal
