
Microsoft Visual Studio Solution File, Format Version 12.00
# Visual Studio Version 17
VisualStudioVersion = 17.4.33213.308
MinimumVisualStudioVersion = 10.0.40219.1
Project("{FAE04EC0-301F-11D3-BF4B-00C04F79EFBC}") = "Fraction Calculator", "Fraction Calculator.csproj", "{BBCB883D-21B4-4730-978F-8C2C8137EC1A}"
EndProject
Global
	GlobalSection(SolutionConfigurationPlatforms) = preSolution
		Debug|Any CPU = Debug|Any CPU
		Release|Any CPU = Release|Any CPU
	EndGlobalSection
	GlobalSection(ProjectConfigurationPlatforms) = postSolution
		{BBCB883D-21B4-4730-978F-8C2C8137EC1A}.Debug|Any CPU.ActiveCfg = Debug|Any CPU
		{BBCB883D-21B4-4730-978F-8C2C8137EC1A}.Debug|Any CPU.Build.0 = Debug|Any CPU
		{BBCB883D-21B4-4730-978F-8C2C8137EC1A}.Release|Any CPU.ActiveCfg = Release|Any CPU
		{BBCB883D-21B4-4730-978F-8C2C8137EC1A}.Release|Any CPU.Build.0 = Release|Any CPU
	EndGlobalSection
	GlobalSection(SolutionProperties) = preSolution
		HideSolutionNode = FALSE
	EndGlobalSection
	GlobalSection(ExtensibilityGlobals) = postSolution
		SolutionGuid = {A09511DB-A46C-43AE-8AAC-06FA804253AE}
	EndGlobalSection
EndGlobal
