
Microsoft Visual Studio Solution File, Format Version 12.00
# Visual Studio Version 17
VisualStudioVersion = 17.4.33213.308
MinimumVisualStudioVersion = 10.0.40219.1
Project("{FAE04EC0-301F-11D3-BF4B-00C04F79EFBC}") = "OOP-Property", "OOP-Property.csproj", "{B3DE2CC2-DC86-4A28-B357-8C131A5C0CFD}"
EndProject
Global
	GlobalSection(SolutionConfigurationPlatforms) = preSolution
		Debug|Any CPU = Debug|Any CPU
		Release|Any CPU = Release|Any CPU
	EndGlobalSection
	GlobalSection(ProjectConfigurationPlatforms) = postSolution
		{B3DE2CC2-DC86-4A28-B357-8C131A5C0CFD}.Debug|Any CPU.ActiveCfg = Debug|Any CPU
		{B3DE2CC2-DC86-4A28-B357-8C131A5C0CFD}.Debug|Any CPU.Build.0 = Debug|Any CPU
		{B3DE2CC2-DC86-4A28-B357-8C131A5C0CFD}.Release|Any CPU.ActiveCfg = Release|Any CPU
		{B3DE2CC2-DC86-4A28-B357-8C131A5C0CFD}.Release|Any CPU.Build.0 = Release|Any CPU
	EndGlobalSection
	GlobalSection(SolutionProperties) = preSolution
		HideSolutionNode = FALSE
	EndGlobalSection
	GlobalSection(ExtensibilityGlobals) = postSolution
		SolutionGuid = {F7C1DFCC-3A65-4F17-8A10-07F5A21AC821}
	EndGlobalSection
EndGlobal
